{
  "name": "jet-test",
  "version": "1.0.0",
  "lockfileVersion": 2,
  "requires": true,
  "packages": {
    "": {
      "name": "jet-test",
      "version": "1.0.0",
      "license": "ISC",
      "dependencies": {
        "tappedout": "^1.1.8"
      }
    },
    "node_modules/tappedout": {
      "version": "1.1.8",
      "resolved": "https://registry.npmjs.org/tappedout/-/tappedout-1.1.8.tgz",
      "integrity": "sha512-ZpkhTmZCFGC/5WfWYi0DGCxzgm04ZMMn1C0T8OH8c/Ik6eOTRPDHRHudKdcV3oONLS0Wd2xx5+fXLbRgAPZxow=="
    }
  },
  "dependencies": {
    "tappedout": {
      "version": "1.1.8",
      "resolved": "https://registry.npmjs.org/tappedout/-/tappedout-1.1.8.tgz",
      "integrity": "sha512-ZpkhTmZCFGC/5WfWYi0DGCxzgm04ZMMn1C0T8OH8c/Ik6eOTRPDHRHudKdcV3oONLS0Wd2xx5+fXLbRgAPZxow=="
    }
  }
}
