{
  "name": "jet",
  "version": "3.0.0",
  "lockfileVersion": 1,
  "requires": true,
  "dependencies": {
    "@author.io/shell": {
      "version": "1.8.16",
      "resolved": "https://registry.npmjs.org/@author.io/shell/-/shell-1.8.16.tgz",
      "integrity": "sha512-+mp0qLlUbvPQWKOaVrlu+eesKgzRbD9Teew7nUL5ATVRi7ubl0/f432opla/D/DR1U6NgVDA6PH1BaP2zPcHJg=="
    }
  }
}
