{
  "name": "jet",
  "version": "3.0.0",
  "lockfileVersion": 2,
  "requires": true,
  "packages": {
    "": {
      "name": "jet",
      "version": "3.0.0",
      "license": "SEE LICENSE IN LICENSE",
      "dependencies": {
        "@author.io/shell": "^1.9.2"
      },
      "bin": {
        "jet": "cli.js"
      }
    },
    "node_modules/@author.io/shell": {
      "version": "1.9.2",
      "resolved": "https://registry.npmjs.org/@author.io/shell/-/shell-1.9.2.tgz",
      "integrity": "sha512-y1C58aQZbGUO2E0L0SpNUak49ZRHaNjcIQPWbLawJPR8akzRmXqaNRULN+rwkOOCaCxHlO7mBYgC+0dfm+r8UQ==",
      "engines": {
        "node": ">=13.5.0"
      }
    }
  },
  "dependencies": {
    "@author.io/shell": {
      "version": "1.9.2",
      "resolved": "https://registry.npmjs.org/@author.io/shell/-/shell-1.9.2.tgz",
      "integrity": "sha512-y1C58aQZbGUO2E0L0SpNUak49ZRHaNjcIQPWbLawJPR8akzRmXqaNRULN+rwkOOCaCxHlO7mBYgC+0dfm+r8UQ=="
    }
  }
}
