{
  "name": "jet-src",
  "version": "1.0.0",
  "lockfileVersion": 1,
  "requires": true,
  "dependencies": {
    "ngn": {
      "version": "2.0.0-alpha.11",
      "resolved": "https://registry.npmjs.org/ngn/-/ngn-2.0.0-alpha.11.tgz",
      "integrity": "sha512-3enAs8ghLIGPVxPP1kAe1dUJxfFf23Sm5S5EfVDHusKIqGtNLR73vrJsZ3xeifierUV/tgwPpv+jsQELaQw24A=="
    }
  }
}
