{
  "name": "jet-plugin-iam",
  "version": "0.0.1-alpha.1",
  "lockfileVersion": 2,
  "requires": true,
  "packages": {
    "": {
      "name": "jet-plugin-iam",
      "version": "0.0.1-alpha.1",
      "license": "ISC",
      "dependencies": {
        "@author.io/iam": "^1.0.0-alpha.6"
      }
    },
    "node_modules/@author.io/iam": {
      "version": "1.0.0-alpha.6",
      "resolved": "https://registry.npmjs.org/@author.io/iam/-/iam-1.0.0-alpha.6.tgz",
      "integrity": "sha512-ridfJ6bF8AJIEY9XA+HN2NpnazUg+yVDd4jw3BQ/Ge7mGWWUSz20QOhARiJPyo10tQmPWKk1CbJ2yT6Hv8FNhg=="
    }
  },
  "dependencies": {
    "@author.io/iam": {
      "version": "1.0.0-alpha.6",
      "resolved": "https://registry.npmjs.org/@author.io/iam/-/iam-1.0.0-alpha.6.tgz",
      "integrity": "sha512-ridfJ6bF8AJIEY9XA+HN2NpnazUg+yVDd4jw3BQ/Ge7mGWWUSz20QOhARiJPyo10tQmPWKk1CbJ2yT6Hv8FNhg=="
    }
  }
}
